{
    "_readme": [
        "This file locks the dependencies of your project to a known state",
        "Read more about it at https://getcomposer.org/doc/01-basic-usage.md#installing-dependencies",
        "This file is @generated automatically"
    ],
    "content-hash": "bf28c4f2118b06bd0576a99b96867c19",
    "packages": [
        {
            "name": "enna/framework",
            "version": "dev-master",
            "dist": {
                "type": "path",
                "url": "E:/code/framework",
                "reference": "7d59f7dde16b91980d5df52693e6347995f7aea3"
            },
            "require": {
                "ext-json": "*",
                "php": "^8.0",
                "psr/container": "^2.0"
            },
            "require-dev": {
                "mikey179/vfsstream": "^1.6",
                "mockery/mockery": "^1.5",
                "phpunit/phpunit": "^9.5"
            },
            "type": "project",
            "autoload": {
                "psr-4": {
                    "Enna\\Framework\\": "src/core/"
                }
            },
            "autoload-dev": {
                "psr-4": {
                    "Enna\\Framework\\tests\\": "tests/"
                }
            },
            "authors": [
                {
                    "name": "enna",
                    "email": "w1069103107@outlook.com"
                }
            ],
            "description": "test",
            "transport-options": {
                "relative": false
            }
        },
        {
            "name": "psr/container",
            "version": "2.0.2",
            "source": {
                "type": "git",
                "url": "https://github.com/php-fig/container.git",
                "reference": "c71ecc56dfe541dbd90c5360474fbc405f8d5963"
            },
            "dist": {
                "type": "zip",
                "url": "https://api.github.com/repos/php-fig/container/zipball/c71ecc56dfe541dbd90c5360474fbc405f8d5963",
                "reference": "c71ecc56dfe541dbd90c5360474fbc405f8d5963",
                "shasum": ""
            },
            "require": {
                "php": ">=7.4.0"
            },
            "type": "library",
            "extra": {
                "branch-alias": {
                    "dev-master": "2.0.x-dev"
                }
            },
            "autoload": {
                "psr-4": {
                    "Psr\\Container\\": "src/"
                }
            },
            "notification-url": "https://packagist.org/downloads/",
            "license": [
                "MIT"
            ],
            "authors": [
                {
                    "name": "PHP-FIG",
                    "homepage": "https://www.php-fig.org/"
                }
            ],
            "description": "Common Container Interface (PHP FIG PSR-11)",
            "homepage": "https://github.com/php-fig/container",
            "keywords": [
                "PSR-11",
                "container",
                "container-interface",
                "container-interop",
                "psr"
            ],
            "support": {
                "issues": "https://github.com/php-fig/container/issues",
                "source": "https://github.com/php-fig/container/tree/2.0.2"
            },
            "time": "2021-11-05T16:47:00+00:00"
        }
    ],
    "packages-dev": [],
    "aliases": [],
    "minimum-stability": "stable",
    "stability-flags": {
        "enna/framework": 20
    },
    "prefer-stable": false,
    "prefer-lowest": false,
    "platform": [],
    "platform-dev": [],
    "plugin-api-version": "2.1.0"
}
